# @generated - this file is auto-generated by `mise lock` https://mise.jdx.dev/dev-tools/mise-lock.html

[[tools.cargo-binstall]]
version = "1.21.1"
backend = "aqua:cargo-bins/cargo-binstall"

[tools.cargo-binstall."platforms.linux-arm64"]
checksum = "sha256:1dc2979f3c83aade9a1b4344589d14fafa63459b759222528d11419f5cca9cc2"
url = "https://github.com/cargo-bins/cargo-binstall/releases/download/v1.21.1/cargo-binstall-aarch64-unknown-linux-musl.tgz"
url_api = "https://api.github.com/repos/cargo-bins/cargo-binstall/releases/assets/489425352"
provenance = "github-attestations"

[tools.cargo-binstall."platforms.linux-arm64-musl"]
checksum = "sha256:1dc2979f3c83aade9a1b4344589d14fafa63459b759222528d11419f5cca9cc2"
url = "https://github.com/cargo-bins/cargo-binstall/releases/download/v1.21.1/cargo-binstall-aarch64-unknown-linux-musl.tgz"
url_api = "https://api.github.com/repos/cargo-bins/cargo-binstall/releases/assets/489425352"
provenance = "github-attestations"

[tools.cargo-binstall."platforms.linux-x64"]
checksum = "sha256:630c8f8803a686aa6779497f0f0fb51d49822fb5fc3c514d8ced33b34e338e6e"
url = "https://github.com/cargo-bins/cargo-binstall/releases/download/v1.21.1/cargo-binstall-x86_64-unknown-linux-musl.tgz"
url_api = "https://api.github.com/repos/cargo-bins/cargo-binstall/releases/assets/489425174"
provenance = "github-attestations"

[tools.cargo-binstall."platforms.linux-x64-musl"]
checksum = "sha256:630c8f8803a686aa6779497f0f0fb51d49822fb5fc3c514d8ced33b34e338e6e"
url = "https://github.com/cargo-bins/cargo-binstall/releases/download/v1.21.1/cargo-binstall-x86_64-unknown-linux-musl.tgz"
url_api = "https://api.github.com/repos/cargo-bins/cargo-binstall/releases/assets/489425174"
provenance = "github-attestations"

[tools.cargo-binstall."platforms.macos-arm64"]
checksum = "sha256:bd03935f1a6d652647f6d42a2cd39396a55094ffddc65bed0debebfe32feea43"
url = "https://github.com/cargo-bins/cargo-binstall/releases/download/v1.21.1/cargo-binstall-aarch64-apple-darwin.zip"
url_api = "https://api.github.com/repos/cargo-bins/cargo-binstall/releases/assets/489425460"
provenance = "github-attestations"

[tools.cargo-binstall."platforms.macos-x64"]
checksum = "sha256:73894951a5c5343476e703b9f2ccea9e829396147ee33bded6a5e94c09298d81"
url = "https://github.com/cargo-bins/cargo-binstall/releases/download/v1.21.1/cargo-binstall-x86_64-apple-darwin.zip"
url_api = "https://api.github.com/repos/cargo-bins/cargo-binstall/releases/assets/489425224"
provenance = "github-attestations"

[tools.cargo-binstall."platforms.windows-x64"]
checksum = "sha256:27aee4e73cd8b1d479730cb9cdbd89b1114453a135689d4ee1a7e7f913f0ffe1"
url = "https://github.com/cargo-bins/cargo-binstall/releases/download/v1.21.1/cargo-binstall-x86_64-pc-windows-msvc.zip"
url_api = "https://api.github.com/repos/cargo-bins/cargo-binstall/releases/assets/489425215"
provenance = "github-attestations"

[[tools."cargo:cargo-nextest"]]
version = "0.9.143"
backend = "cargo:cargo-nextest"

[[tools.just]]
version = "1.56.0"
backend = "aqua:casey/just"

[tools.just."platforms.linux-arm64"]
checksum = "sha256:c8c1d656e9f47569ec1ae2bf8779af2621cdeea6bbbba3b0cacd64f951d25e2b"
url = "https://github.com/casey/just/releases/download/1.56.0/just-1.56.0-aarch64-unknown-linux-musl.tar.gz"
url_api = "https://api.github.com/repos/casey/just/releases/assets/472074960"

[tools.just."platforms.linux-arm64-musl"]
checksum = "sha256:c8c1d656e9f47569ec1ae2bf8779af2621cdeea6bbbba3b0cacd64f951d25e2b"
url = "https://github.com/casey/just/releases/download/1.56.0/just-1.56.0-aarch64-unknown-linux-musl.tar.gz"
url_api = "https://api.github.com/repos/casey/just/releases/assets/472074960"

[tools.just."platforms.linux-x64"]
checksum = "sha256:fa2a8ec1015d9df5330941ade12437488fc40d33f9c9f8cd4eb70a26de11b639"
url = "https://github.com/casey/just/releases/download/1.56.0/just-1.56.0-x86_64-unknown-linux-musl.tar.gz"
url_api = "https://api.github.com/repos/casey/just/releases/assets/472074624"

[tools.just."platforms.linux-x64-musl"]
checksum = "sha256:fa2a8ec1015d9df5330941ade12437488fc40d33f9c9f8cd4eb70a26de11b639"
url = "https://github.com/casey/just/releases/download/1.56.0/just-1.56.0-x86_64-unknown-linux-musl.tar.gz"
url_api = "https://api.github.com/repos/casey/just/releases/assets/472074624"

[tools.just."platforms.macos-arm64"]
checksum = "sha256:f35798d4bcdc4db020eef7d2853ad98bbfb97a4d29ee695ba042f18e7fedcc11"
url = "https://github.com/casey/just/releases/download/1.56.0/just-1.56.0-aarch64-apple-darwin.tar.gz"
url_api = "https://api.github.com/repos/casey/just/releases/assets/472074635"

[tools.just."platforms.macos-x64"]
checksum = "sha256:09b35ff6d17023ffae37ce408d1a78a976d9e001cae54b88e238f7f40db9b783"
url = "https://github.com/casey/just/releases/download/1.56.0/just-1.56.0-x86_64-apple-darwin.tar.gz"
url_api = "https://api.github.com/repos/casey/just/releases/assets/472074650"

[tools.just."platforms.windows-x64"]
checksum = "sha256:804f5b2fe94291d0df38fd8dfc5620afbf3496f8f11c1915b42a87323234f0ba"
url = "https://github.com/casey/just/releases/download/1.56.0/just-1.56.0-x86_64-pc-windows-msvc.zip"
url_api = "https://api.github.com/repos/casey/just/releases/assets/472075917"

[[tools.rust]]
version = "1.98.1"
backend = "core:rust"

[tools.rust.options]
components = "clippy,rustfmt"
profile = "minimal"
